lockfileVersion: '9.0'

settings:
  autoInstallPeers: true
  excludeLinksFromLockfile: false

importers:

  .:
    dependencies:
      primevue:
        specifier: ^4.3.1
        version: 4.3.1(vue@3.5.13)
      tailwindcss:
        specifier: ^4.0.9
        version: 4.0.9
    devDependencies:
      pnpm:
        specifier: ^10.5.2
        version: 10.5.2
      prettier:
        specifier: ^3.5.3
        version: 3.5.3

  packages/components: {}

  packages/theme: {}

packages:

  '@babel/helper-string-parser@7.25.9':
    resolution: {integrity: sha512-4A/SCr/2KLd5jrtOMFzaKjVtAei3+2r/NChoBNoZ3EyP/+GlhoaEGoWOZUmFmoITP7zOJyHIMm+DYRd8o3PvHA==}
    engines: {node: '>=6.9.0'}

  '@babel/helper-validator-identifier@7.25.9':
    resolution: {integrity: sha512-Ed61U6XJc3CVRfkERJWDz4dJwKe7iLmmJsbOGu9wSloNSFttHV0I8g6UAgb7qnK5ly5bGLPd4oXZlxCdANBOWQ==}
    engines: {node: '>=6.9.0'}

  '@babel/parser@7.26.9':
    resolution: {integrity: sha512-81NWa1njQblgZbQHxWHpxxCzNsa3ZwvFqpUg7P+NNUU6f3UU2jBEg4OlF/J6rl8+PQGh1q6/zWScd001YwcA5A==}
    engines: {node: '>=6.0.0'}
    hasBin: true

  '@babel/types@7.26.9':
    resolution: {integrity: sha512-Y3IR1cRnOxOCDvMmNiym7XpXQ93iGDDPHx+Zj+NM+rg0fBaShfQLkg+hKPaZCEvg5N/LeCo4+Rj/i3FuJsIQaw==}
    engines: {node: '>=6.9.0'}

  '@jridgewell/sourcemap-codec@1.5.0':
    resolution: {integrity: sha512-gv3ZRaISU3fjPAgNsriBRqGWQL6quFx04YMPW/zD8XMLsU32mhCCbfbO6KZFLjvYpCZ8zyDEgqsgf+PwPaM7GQ==}

  '@primeuix/styled@0.5.0':
    resolution: {integrity: sha512-k5CTQ+10cXIXxZTep7sktmYe8lJkjmUaFVDAc1OCsWTJR+bhBy/s6zWIatGljVtuf3RmTSxtlrHQeFLjPmdUNQ==}
    engines: {node: '>=12.11.0'}

  '@primeuix/styles@1.0.0':
    resolution: {integrity: sha512-j/TlbqihLNMP37zFNjxac5dTRaQEf5Ldrv0P7NwKigCCc/+MI5j4MddxDw1LnxkGhWCJ1Gjbt9uwyQteWtSv7A==}

  '@primeuix/utils@0.5.1':
    resolution: {integrity: sha512-/bYirtF3gJOGrRQfQ5tUyQOLEria7wg/UCqvpIydTAxLmj/UWgWwh2kAjYVp49eldm1+2sk4+TDkbAz8XcPpew==}
    engines: {node: '>=12.11.0'}

  '@primevue/core@4.3.1':
    resolution: {integrity: sha512-Z2JfYk7I477qdlWHH5yiqUK0cwNe5joZJLwFtSEFkmBi/ocXvkGNAYk8XYNCz6UTDePUQSHKseKJxMkFHlfRtw==}
    engines: {node: '>=12.11.0'}
    peerDependencies:
      vue: ^3.5.0

  '@primevue/icons@4.3.1':
    resolution: {integrity: sha512-67GFk/NdbVDuPx4tlbO01BBWujLiZTJJJSce63dvLr7082YukPfrQq4Kru+y5Qmrfkq0uaP1I3+Ut9Skr6ATfQ==}
    engines: {node: '>=12.11.0'}

  '@vue/compiler-core@3.5.13':
    resolution: {integrity: sha512-oOdAkwqUfW1WqpwSYJce06wvt6HljgY3fGeM9NcVA1HaYOij3mZG9Rkysn0OHuyUAGMbEbARIpsG+LPVlBJ5/Q==}

  '@vue/compiler-dom@3.5.13':
    resolution: {integrity: sha512-ZOJ46sMOKUjO3e94wPdCzQ6P1Lx/vhp2RSvfaab88Ajexs0AHeV0uasYhi99WPaogmBlRHNRuly8xV75cNTMDA==}

  '@vue/compiler-sfc@3.5.13':
    resolution: {integrity: sha512-6VdaljMpD82w6c2749Zhf5T9u5uLBWKnVue6XWxprDobftnletJ8+oel7sexFfM3qIxNmVE7LSFGTpv6obNyaQ==}

  '@vue/compiler-ssr@3.5.13':
    resolution: {integrity: sha512-wMH6vrYHxQl/IybKJagqbquvxpWCuVYpoUJfCqFZwa/JY1GdATAQ+TgVtgrwwMZ0D07QhA99rs/EAAWfvG6KpA==}

  '@vue/reactivity@3.5.13':
    resolution: {integrity: sha512-NaCwtw8o48B9I6L1zl2p41OHo/2Z4wqYGGIK1Khu5T7yxrn+ATOixn/Udn2m+6kZKB/J7cuT9DbWWhRxqixACg==}

  '@vue/runtime-core@3.5.13':
    resolution: {integrity: sha512-Fj4YRQ3Az0WTZw1sFe+QDb0aXCerigEpw418pw1HBUKFtnQHWzwojaukAs2X/c9DQz4MQ4bsXTGlcpGxU/RCIw==}

  '@vue/runtime-dom@3.5.13':
    resolution: {integrity: sha512-dLaj94s93NYLqjLiyFzVs9X6dWhTdAlEAciC3Moq7gzAc13VJUdCnjjRurNM6uTLFATRHexHCTu/Xp3eW6yoog==}

  '@vue/server-renderer@3.5.13':
    resolution: {integrity: sha512-wAi4IRJV/2SAW3htkTlB+dHeRmpTiVIK1OGLWV1yeStVSebSQQOwGwIq0D3ZIoBj2C2qpgz5+vX9iEBkTdk5YA==}
    peerDependencies:
      vue: 3.5.13

  '@vue/shared@3.5.13':
    resolution: {integrity: sha512-/hnE/qP5ZoGpol0a5mDi45bOd7t3tjYJBjsgCsivow7D48cJeV5l05RD82lPqi7gRiphZM37rnhW1l6ZoCNNnQ==}

  csstype@3.1.3:
    resolution: {integrity: sha512-M1uQkMl8rQK/szD0LNhtqxIPLpimGm8sOBwU7lLnCpSbTyY3yeU1Vc7l4KT5zT4s/yOxHH5O7tIuuLOCnLADRw==}

  entities@4.5.0:
    resolution: {integrity: sha512-V0hjH4dGPh9Ao5p0MoRY6BVqtwCjhz6vI5LT8AJ55H+4g9/4vbHx1I54fS0XuclLhDHArPQCiMjDxjaL8fPxhw==}
    engines: {node: '>=0.12'}

  estree-walker@2.0.2:
    resolution: {integrity: sha512-Rfkk/Mp/DL7JVje3u18FxFujQlTNR2q6QfMSMB7AvCBx91NGj/ba3kCfza0f6dVDbw7YlRf/nDrn7pQrCCyQ/w==}

  magic-string@0.30.17:
    resolution: {integrity: sha512-sNPKHvyjVf7gyjwS4xGTaW/mCnF8wnjtifKBEhxfZ7E/S8tQ0rssrwGNn6q8JH/ohItJfSQp9mBtQYuTlH5QnA==}

  nanoid@3.3.8:
    resolution: {integrity: sha512-WNLf5Sd8oZxOm+TzppcYk8gVOgP+l58xNy58D0nbUnOxOWRWvlcCV4kUF7ltmI6PsrLl/BgKEyS4mqsGChFN0w==}
    engines: {node: ^10 || ^12 || ^13.7 || ^14 || >=15.0.1}
    hasBin: true

  picocolors@1.1.1:
    resolution: {integrity: sha512-xceH2snhtb5M9liqDsmEw56le376mTZkEX/jEb/RxNFyegNul7eNslCXP9FDj/Lcu0X8KEyMceP2ntpaHrDEVA==}

  pnpm@10.5.2:
    resolution: {integrity: sha512-2p3CjNP/QNBZIYgjWrJdMgKt2KIHr77caCIg5KACn/v/RWIQK55uRrTj+ei9U+bQXeSFRLDFfUsBeeIsdtEZmw==}
    engines: {node: '>=18.12'}
    hasBin: true

  postcss@8.5.3:
    resolution: {integrity: sha512-dle9A3yYxlBSrt8Fu+IpjGT8SY8hN0mlaA6GY8t0P5PjIOZemULz/E2Bnm/2dcUOena75OTNkHI76uZBNUUq3A==}
    engines: {node: ^10 || ^12 || >=14}

  prettier@3.5.3:
    resolution: {integrity: sha512-QQtaxnoDJeAkDvDKWCLiwIXkTgRhwYDEQCghU9Z6q03iyek/rxRh/2lC3HB7P8sWT2xC/y5JDctPLBIGzHKbhw==}
    engines: {node: '>=14'}
    hasBin: true

  primevue@4.3.1:
    resolution: {integrity: sha512-NSUpcWf2WpXgqOvjgXu5zQM3E5UEXoA2iXLi6xV+h1SBZ1TmgNfrjme96KRzfUY2RBsI0rTSUuPv0I+fXvtcmA==}
    engines: {node: '>=12.11.0'}

  source-map-js@1.2.1:
    resolution: {integrity: sha512-UXWMKhLOwVKb728IUtQPXxfYU+usdybtUrK/8uGE8CQMvrhOpwvzDBwj0QhSL7MQc7vIsISBG8VQ8+IDQxpfQA==}
    engines: {node: '>=0.10.0'}

  tailwindcss@4.0.9:
    resolution: {integrity: sha512-12laZu+fv1ONDRoNR9ipTOpUD7RN9essRVkX36sjxuRUInpN7hIiHN4lBd/SIFjbISvnXzp8h/hXzmU8SQQYhw==}

  vue@3.5.13:
    resolution: {integrity: sha512-wmeiSMxkZCSc+PM2w2VRsOYAZC8GdipNFRTsLSfodVqI9mbejKeXEGr8SckuLnrQPGe3oJN5c3K0vpoU9q/wCQ==}
    peerDependencies:
      typescript: '*'
    peerDependenciesMeta:
      typescript:
        optional: true

snapshots:

  '@babel/helper-string-parser@7.25.9': {}

  '@babel/helper-validator-identifier@7.25.9': {}

  '@babel/parser@7.26.9':
    dependencies:
      '@babel/types': 7.26.9

  '@babel/types@7.26.9':
    dependencies:
      '@babel/helper-string-parser': 7.25.9
      '@babel/helper-validator-identifier': 7.25.9

  '@jridgewell/sourcemap-codec@1.5.0': {}

  '@primeuix/styled@0.5.0':
    dependencies:
      '@primeuix/utils': 0.5.1

  '@primeuix/styles@1.0.0':
    dependencies:
      '@primeuix/styled': 0.5.0

  '@primeuix/utils@0.5.1': {}

  '@primevue/core@4.3.1(vue@3.5.13)':
    dependencies:
      '@primeuix/styled': 0.5.0
      '@primeuix/utils': 0.5.1
      vue: 3.5.13

  '@primevue/icons@4.3.1(vue@3.5.13)':
    dependencies:
      '@primeuix/utils': 0.5.1
      '@primevue/core': 4.3.1(vue@3.5.13)
    transitivePeerDependencies:
      - vue

  '@vue/compiler-core@3.5.13':
    dependencies:
      '@babel/parser': 7.26.9
      '@vue/shared': 3.5.13
      entities: 4.5.0
      estree-walker: 2.0.2
      source-map-js: 1.2.1

  '@vue/compiler-dom@3.5.13':
    dependencies:
      '@vue/compiler-core': 3.5.13
      '@vue/shared': 3.5.13

  '@vue/compiler-sfc@3.5.13':
    dependencies:
      '@babel/parser': 7.26.9
      '@vue/compiler-core': 3.5.13
      '@vue/compiler-dom': 3.5.13
      '@vue/compiler-ssr': 3.5.13
      '@vue/shared': 3.5.13
      estree-walker: 2.0.2
      magic-string: 0.30.17
      postcss: 8.5.3
      source-map-js: 1.2.1

  '@vue/compiler-ssr@3.5.13':
    dependencies:
      '@vue/compiler-dom': 3.5.13
      '@vue/shared': 3.5.13

  '@vue/reactivity@3.5.13':
    dependencies:
      '@vue/shared': 3.5.13

  '@vue/runtime-core@3.5.13':
    dependencies:
      '@vue/reactivity': 3.5.13
      '@vue/shared': 3.5.13

  '@vue/runtime-dom@3.5.13':
    dependencies:
      '@vue/reactivity': 3.5.13
      '@vue/runtime-core': 3.5.13
      '@vue/shared': 3.5.13
      csstype: 3.1.3

  '@vue/server-renderer@3.5.13(vue@3.5.13)':
    dependencies:
      '@vue/compiler-ssr': 3.5.13
      '@vue/shared': 3.5.13
      vue: 3.5.13

  '@vue/shared@3.5.13': {}

  csstype@3.1.3: {}

  entities@4.5.0: {}

  estree-walker@2.0.2: {}

  magic-string@0.30.17:
    dependencies:
      '@jridgewell/sourcemap-codec': 1.5.0

  nanoid@3.3.8: {}

  picocolors@1.1.1: {}

  pnpm@10.5.2: {}

  postcss@8.5.3:
    dependencies:
      nanoid: 3.3.8
      picocolors: 1.1.1
      source-map-js: 1.2.1

  prettier@3.5.3: {}

  primevue@4.3.1(vue@3.5.13):
    dependencies:
      '@primeuix/styled': 0.5.0
      '@primeuix/styles': 1.0.0
      '@primeuix/utils': 0.5.1
      '@primevue/core': 4.3.1(vue@3.5.13)
      '@primevue/icons': 4.3.1(vue@3.5.13)
    transitivePeerDependencies:
      - vue

  source-map-js@1.2.1: {}

  tailwindcss@4.0.9: {}

  vue@3.5.13:
    dependencies:
      '@vue/compiler-dom': 3.5.13
      '@vue/compiler-sfc': 3.5.13
      '@vue/runtime-dom': 3.5.13
      '@vue/server-renderer': 3.5.13(vue@3.5.13)
      '@vue/shared': 3.5.13
